
Microsoft Visual Studio Solution File, Format Version 12.00
# Visual Studio Version 16
VisualStudioVersion = 16.0.30413.136
MinimumVisualStudioVersion = 10.0.40219.1
Project("{9A19103F-16F7-4668-BE54-9A1E7A4F7556}") = "AdSanare.MVC", "AdSanare.MVC\AdSanare.MVC.csproj", "{FE0F70C9-4DB4-4416-AEEB-3D0BC2DC5A67}"
EndProject
Project("{9A19103F-16F7-4668-BE54-9A1E7A4F7556}") = "AdSanare.Logic", "AdSanare.Logic\AdSanare.Logic.csproj", "{004E35D3-3E70-4AA5-8E9D-543640CD4ABF}"
EndProject
Project("{9A19103F-16F7-4668-BE54-9A1E7A4F7556}") = "AdSanare.Logic.Interfaces", "AdSanare.Logic.Interfaces\AdSanare.Logic.Interfaces.csproj", "{9FA27304-0DA1-4DAB-9322-BF5D58AF6D3D}"
EndProject
Project("{9A19103F-16F7-4668-BE54-9A1E7A4F7556}") = "AdSanare.Repository", "AdSanare.Repository\AdSanare.Repository.csproj", "{2FEBB170-876F-4279-9A37-14D41B62EDD8}"
EndProject
Project("{9A19103F-16F7-4668-BE54-9A1E7A4F7556}") = "AdSanare.Repository.Interfaces", "AdSanare.Repository.Interfaces\AdSanare.Repository.Interfaces.csproj", "{3038DB61-D8BB-4D6D-BCAE-DBB5FB3F5C6A}"
EndProject
Project("{9A19103F-16F7-4668-BE54-9A1E7A4F7556}") = "AdSanare.Entities", "AdSanare.Entities\AdSanare.Entities.csproj", "{8819ECF1-3284-41E4-91A5-9F47C5598786}"
EndProject
Project("{9A19103F-16F7-4668-BE54-9A1E7A4F7556}") = "AdSanare.UOW", "AdSanare.UnitOfWork\AdSanare.UOW.csproj", "{AA884FF9-C0B1-4DE1-9E9F-41089DF132DE}"
EndProject
Project("{9A19103F-16F7-4668-BE54-9A1E7A4F7556}") = "AdSanare.UOW.Interfaces", "AdSanare.UnitOfWork.Interfaces\AdSanare.UOW.Interfaces.csproj", "{47E32035-9276-4082-B7A8-275C15B1FB72}"
EndProject
Project("{9A19103F-16F7-4668-BE54-9A1E7A4F7556}") = "AdSanare.Context", "AdSanare.Context\AdSanare.Context.csproj", "{7302712E-4939-4BC1-8E33-68546B3FE610}"
EndProject
Project("{2150E333-8FDC-42A3-9474-1A3956D46DE8}") = "Tests", "Tests", "{743A2539-EA0B-484C-A903-163DD026B356}"
EndProject
Project("{9A19103F-16F7-4668-BE54-9A1E7A4F7556}") = "AdSanare.Logic.Tests", "AdSanare.Logic.Tests\AdSanare.Logic.Tests.csproj", "{F82DDC77-23D9-4B33-9448-F49F0C0DACA9}"
EndProject
Project("{FAE04EC0-301F-11D3-BF4B-00C04F79EFBC}") = "AdSanare.ApiUsuarios", "AdSanare.ApiUsuarios\AdSanare.ApiUsuarios.csproj", "{D053BA58-BC00-486A-B61F-E6F2EB60C7B1}"
EndProject
Global
	GlobalSection(SolutionConfigurationPlatforms) = preSolution
		Debug|Any CPU = Debug|Any CPU
		Release|Any CPU = Release|Any CPU
	EndGlobalSection
	GlobalSection(ProjectConfigurationPlatforms) = postSolution
		{FE0F70C9-4DB4-4416-AEEB-3D0BC2DC5A67}.Debug|Any CPU.ActiveCfg = Debug|Any CPU
		{FE0F70C9-4DB4-4416-AEEB-3D0BC2DC5A67}.Debug|Any CPU.Build.0 = Debug|Any CPU
		{FE0F70C9-4DB4-4416-AEEB-3D0BC2DC5A67}.Release|Any CPU.ActiveCfg = Release|Any CPU
		{FE0F70C9-4DB4-4416-AEEB-3D0BC2DC5A67}.Release|Any CPU.Build.0 = Release|Any CPU
		{004E35D3-3E70-4AA5-8E9D-543640CD4ABF}.Debug|Any CPU.ActiveCfg = Debug|Any CPU
		{004E35D3-3E70-4AA5-8E9D-543640CD4ABF}.Debug|Any CPU.Build.0 = Debug|Any CPU
		{004E35D3-3E70-4AA5-8E9D-543640CD4ABF}.Release|Any CPU.ActiveCfg = Release|Any CPU
		{004E35D3-3E70-4AA5-8E9D-543640CD4ABF}.Release|Any CPU.Build.0 = Release|Any CPU
		{9FA27304-0DA1-4DAB-9322-BF5D58AF6D3D}.Debug|Any CPU.ActiveCfg = Debug|Any CPU
		{9FA27304-0DA1-4DAB-9322-BF5D58AF6D3D}.Debug|Any CPU.Build.0 = Debug|Any CPU
		{9FA27304-0DA1-4DAB-9322-BF5D58AF6D3D}.Release|Any CPU.ActiveCfg = Release|Any CPU
		{9FA27304-0DA1-4DAB-9322-BF5D58AF6D3D}.Release|Any CPU.Build.0 = Release|Any CPU
		{2FEBB170-876F-4279-9A37-14D41B62EDD8}.Debug|Any CPU.ActiveCfg = Debug|Any CPU
		{2FEBB170-876F-4279-9A37-14D41B62EDD8}.Debug|Any CPU.Build.0 = Debug|Any CPU
		{2FEBB170-876F-4279-9A37-14D41B62EDD8}.Release|Any CPU.ActiveCfg = Release|Any CPU
		{2FEBB170-876F-4279-9A37-14D41B62EDD8}.Release|Any CPU.Build.0 = Release|Any CPU
		{3038DB61-D8BB-4D6D-BCAE-DBB5FB3F5C6A}.Debug|Any CPU.ActiveCfg = Debug|Any CPU
		{3038DB61-D8BB-4D6D-BCAE-DBB5FB3F5C6A}.Debug|Any CPU.Build.0 = Debug|Any CPU
		{3038DB61-D8BB-4D6D-BCAE-DBB5FB3F5C6A}.Release|Any CPU.ActiveCfg = Release|Any CPU
		{3038DB61-D8BB-4D6D-BCAE-DBB5FB3F5C6A}.Release|Any CPU.Build.0 = Release|Any CPU
		{8819ECF1-3284-41E4-91A5-9F47C5598786}.Debug|Any CPU.ActiveCfg = Debug|Any CPU
		{8819ECF1-3284-41E4-91A5-9F47C5598786}.Debug|Any CPU.Build.0 = Debug|Any CPU
		{8819ECF1-3284-41E4-91A5-9F47C5598786}.Release|Any CPU.ActiveCfg = Release|Any CPU
		{8819ECF1-3284-41E4-91A5-9F47C5598786}.Release|Any CPU.Build.0 = Release|Any CPU
		{AA884FF9-C0B1-4DE1-9E9F-41089DF132DE}.Debug|Any CPU.ActiveCfg = Debug|Any CPU
		{AA884FF9-C0B1-4DE1-9E9F-41089DF132DE}.Debug|Any CPU.Build.0 = Debug|Any CPU
		{AA884FF9-C0B1-4DE1-9E9F-41089DF132DE}.Release|Any CPU.ActiveCfg = Release|Any CPU
		{AA884FF9-C0B1-4DE1-9E9F-41089DF132DE}.Release|Any CPU.Build.0 = Release|Any CPU
		{47E32035-9276-4082-B7A8-275C15B1FB72}.Debug|Any CPU.ActiveCfg = Debug|Any CPU
		{47E32035-9276-4082-B7A8-275C15B1FB72}.Debug|Any CPU.Build.0 = Debug|Any CPU
		{47E32035-9276-4082-B7A8-275C15B1FB72}.Release|Any CPU.ActiveCfg = Release|Any CPU
		{47E32035-9276-4082-B7A8-275C15B1FB72}.Release|Any CPU.Build.0 = Release|Any CPU
		{7302712E-4939-4BC1-8E33-68546B3FE610}.Debug|Any CPU.ActiveCfg = Debug|Any CPU
		{7302712E-4939-4BC1-8E33-68546B3FE610}.Debug|Any CPU.Build.0 = Debug|Any CPU
		{7302712E-4939-4BC1-8E33-68546B3FE610}.Release|Any CPU.ActiveCfg = Release|Any CPU
		{7302712E-4939-4BC1-8E33-68546B3FE610}.Release|Any CPU.Build.0 = Release|Any CPU
		{F82DDC77-23D9-4B33-9448-F49F0C0DACA9}.Debug|Any CPU.ActiveCfg = Debug|Any CPU
		{F82DDC77-23D9-4B33-9448-F49F0C0DACA9}.Debug|Any CPU.Build.0 = Debug|Any CPU
		{F82DDC77-23D9-4B33-9448-F49F0C0DACA9}.Release|Any CPU.ActiveCfg = Release|Any CPU
		{F82DDC77-23D9-4B33-9448-F49F0C0DACA9}.Release|Any CPU.Build.0 = Release|Any CPU
		{D053BA58-BC00-486A-B61F-E6F2EB60C7B1}.Debug|Any CPU.ActiveCfg = Debug|Any CPU
		{D053BA58-BC00-486A-B61F-E6F2EB60C7B1}.Debug|Any CPU.Build.0 = Debug|Any CPU
		{D053BA58-BC00-486A-B61F-E6F2EB60C7B1}.Release|Any CPU.ActiveCfg = Release|Any CPU
		{D053BA58-BC00-486A-B61F-E6F2EB60C7B1}.Release|Any CPU.Build.0 = Release|Any CPU
	EndGlobalSection
	GlobalSection(SolutionProperties) = preSolution
		HideSolutionNode = FALSE
	EndGlobalSection
	GlobalSection(NestedProjects) = preSolution
		{F82DDC77-23D9-4B33-9448-F49F0C0DACA9} = {743A2539-EA0B-484C-A903-163DD026B356}
	EndGlobalSection
	GlobalSection(ExtensibilityGlobals) = postSolution
		SolutionGuid = {88C10BE9-9E3E-4507-A79C-BFAC4EFD11DC}
	EndGlobalSection
EndGlobal
